// !$*UTF8*$!
{
	archiveVersion = 1;
	classes = {
	};
	objectVersion = 56;
	objects = {

/* Begin PBXBuildFile section */
		A489F25729B06A9C0061C8DD /* AppDelegate.swift in Sources */ = {isa = PBXBuildFile; fileRef = A489F25629B06A9C0061C8DD /* AppDelegate.swift */; };
		A489F25929B06A9C0061C8DD /* SceneDelegate.swift in Sources */ = {isa = PBXBuildFile; fileRef = A489F25829B06A9C0061C8DD /* SceneDelegate.swift */; };
		A489F25B29B06A9C0061C8DD /* ViewController.swift in Sources */ = {isa = PBXBuildFile; fileRef = A489F25A29B06A9C0061C8DD /* ViewController.swift */; };
		A489F25E29B06A9C0061C8DD /* Main.storyboard in Resources */ = {isa = PBXBuildFile; fileRef = A489F25C29B06A9C0061C8DD /* Main.storyboard */; };
		A489F26029B06AA20061C8DD /* Assets.xcassets in Resources */ = {isa = PBXBuildFile; fileRef = A489F25F29B06AA20061C8DD /* Assets.xcassets */; };
		A489F26329B06AA20061C8DD /* LaunchScreen.storyboard in Resources */ = {isa = PBXBuildFile; fileRef = A489F26129B06AA20061C8DD /* LaunchScreen.storyboard */; };
		A489F26B29B06CDC0061C8DD /* Resnet50.mlmodel in Sources */ = {isa = PBXBuildFile; fileRef = A489F26A29B06CDC0061C8DD /* Resnet50.mlmodel */; };
		A489F26D29B07C7D0061C8DD /* AceRecognitionModelMaker 1.mlmodel in Sources */ = {isa = PBXBuildFile; fileRef = A489F26C29B07C7C0061C8DD /* AceRecognitionModelMaker 1.mlmodel */; };
		A4CB606729B088B600AD3FD9 /* Extensions.swift in Sources */ = {isa = PBXBuildFile; fileRef = A4CB606629B088B600AD3FD9 /* Extensions.swift */; };
/* End PBXBuildFile section */

/* Begin PBXFileReference section */
		A489F25329B06A9C0061C8DD /* Aces.app */ = {isa = PBXFileReference; explicitFileType = wrapper.application; includeInIndex = 0; path = Aces.app; sourceTree = BUILT_PRODUCTS_DIR; };
		A489F25629B06A9C0061C8DD /* AppDelegate.swift */ = {isa = PBXFileReference; lastKnownFileType = sourcecode.swift; path = AppDelegate.swift; sourceTree = "<group>"; };
		A489F25829B06A9C0061C8DD /* SceneDelegate.swift */ = {isa = PBXFileReference; lastKnownFileType = sourcecode.swift; path = SceneDelegate.swift; sourceTree = "<group>"; };
		A489F25A29B06A9C0061C8DD /* ViewController.swift */ = {isa = PBXFileReference; lastKnownFileType = sourcecode.swift; path = ViewController.swift; sourceTree = "<group>"; };
		A489F25D29B06A9C0061C8DD /* Base */ = {isa = PBXFileReference; lastKnownFileType = file.storyboard; name = Base; path = Base.lproj/Main.storyboard; sourceTree = "<group>"; };
		A489F25F29B06AA20061C8DD /* Assets.xcassets */ = {isa = PBXFileReference; lastKnownFileType = folder.assetcatalog; path = Assets.xcassets; sourceTree = "<group>"; };
		A489F26229B06AA20061C8DD /* Base */ = {isa = PBXFileReference; lastKnownFileType = file.storyboard; name = Base; path = Base.lproj/LaunchScreen.storyboard; sourceTree = "<group>"; };
		A489F26429B06AA20061C8DD /* Info.plist */ = {isa = PBXFileReference; lastKnownFileType = text.plist.xml; path = Info.plist; sourceTree = "<group>"; };
		A489F26A29B06CDC0061C8DD /* Resnet50.mlmodel */ = {isa = PBXFileReference; lastKnownFileType = file.mlmodel; path = Resnet50.mlmodel; sourceTree = "<group>"; };
		A489F26C29B07C7C0061C8DD /* AceRecognitionModelMaker 1.mlmodel */ = {isa = PBXFileReference; lastKnownFileType = file.mlmodel; path = "AceRecognitionModelMaker 1.mlmodel"; sourceTree = "<group>"; };
		A4CB606629B088B600AD3FD9 /* Extensions.swift */ = {isa = PBXFileReference; lastKnownFileType = sourcecode.swift; path = Extensions.swift; sourceTree = "<group>"; };
/* End PBXFileReference section */

/* Begin PBXFrameworksBuildPhase section */
		A489F25029B06A9C0061C8DD /* Frameworks */ = {
			isa = PBXFrameworksBuildPhase;
			buildActionMask = 2147483647;
			files = (
			);
			runOnlyForDeploymentPostprocessing = 0;
		};
/* End PBXFrameworksBuildPhase section */

/* Begin PBXGroup section */
		A489F24A29B06A9C0061C8DD = {
			isa = PBXGroup;
			children = (
				A489F25529B06A9C0061C8DD /* Aces */,
				A489F25429B06A9C0061C8DD /* Products */,
			);
			sourceTree = "<group>";
		};
		A489F25429B06A9C0061C8DD /* Products */ = {
			isa = PBXGroup;
			children = (
				A489F25329B06A9C0061C8DD /* Aces.app */,
			);
			name = Products;
			sourceTree = "<group>";
		};
		A489F25529B06A9C0061C8DD /* Aces */ = {
			isa = PBXGroup;
			children = (
				A489F25629B06A9C0061C8DD /* AppDelegate.swift */,
				A489F25829B06A9C0061C8DD /* SceneDelegate.swift */,
				A489F25A29B06A9C0061C8DD /* ViewController.swift */,
				A489F25C29B06A9C0061C8DD /* Main.storyboard */,
				A489F25F29B06AA20061C8DD /* Assets.xcassets */,
				A489F26129B06AA20061C8DD /* LaunchScreen.storyboard */,
				A489F26429B06AA20061C8DD /* Info.plist */,
				A489F26A29B06CDC0061C8DD /* Resnet50.mlmodel */,
				A489F26C29B07C7C0061C8DD /* AceRecognitionModelMaker 1.mlmodel */,
				A4CB606629B088B600AD3FD9 /* Extensions.swift */,
			);
			path = Aces;
			sourceTree = "<group>";
		};
/* End PBXGroup section */

/* Begin PBXNativeTarget section */
		A489F25229B06A9C0061C8DD /* Aces */ = {
			isa = PBXNativeTarget;
			buildConfigurationList = A489F26729B06AA20061C8DD /* Build configuration list for PBXNativeTarget "Aces" */;
			buildPhases = (
				A489F24F29B06A9C0061C8DD /* Sources */,
				A489F25029B06A9C0061C8DD /* Frameworks */,
				A489F25129B06A9C0061C8DD /* Resources */,
			);
			buildRules = (
			);
			dependencies = (
			);
			name = Aces;
			productName = Aces;
			productReference = A489F25329B06A9C0061C8DD /* Aces.app */;
			productType = "com.apple.product-type.application";
		};
/* End PBXNativeTarget section */

/* Begin PBXProject section */
		A489F24B29B06A9C0061C8DD /* Project object */ = {
			isa = PBXProject;
			attributes = {
				BuildIndependentTargetsInParallel = 1;
				LastSwiftUpdateCheck = 1420;
				LastUpgradeCheck = 1420;
				TargetAttributes = {
					A489F25229B06A9C0061C8DD = {
						CreatedOnToolsVersion = 14.2;
					};
				};
			};
			buildConfigurationList = A489F24E29B06A9C0061C8DD /* Build configuration list for PBXProject "Aces" */;
			compatibilityVersion = "Xcode 14.0";
			developmentRegion = en;
			hasScannedForEncodings = 0;
			knownRegions = (
				en,
				Base,
			);
			mainGroup = A489F24A29B06A9C0061C8DD;
			productRefGroup = A489F25429B06A9C0061C8DD /* Products */;
			projectDirPath = "";
			projectRoot = "";
			targets = (
				A489F25229B06A9C0061C8DD /* Aces */,
			);
		};
/* End PBXProject section */

/* Begin PBXResourcesBuildPhase section */
		A489F25129B06A9C0061C8DD /* Resources */ = {
			isa = PBXResourcesBuildPhase;
			buildActionMask = 2147483647;
			files = (
				A489F26329B06AA20061C8DD /* LaunchScreen.storyboard in Resources */,
				A489F26029B06AA20061C8DD /* Assets.xcassets in Resources */,
				A489F25E29B06A9C0061C8DD /* Main.storyboard in Resources */,
			);
			runOnlyForDeploymentPostprocessing = 0;
		};
/* End PBXResourcesBuildPhase section */

/* Begin PBXSourcesBuildPhase section */
		A489F24F29B06A9C0061C8DD /* Sources */ = {
			isa = PBXSourcesBuildPhase;
			buildActionMask = 2147483647;
			files = (
				A489F25B29B06A9C0061C8DD /* ViewController.swift in Sources */,
				A4CB606729B088B600AD3FD9 /* Extensions.swift in Sources */,
				A489F25729B06A9C0061C8DD /* AppDelegate.swift in Sources */,
				A489F26B29B06CDC0061C8DD /* Resnet50.mlmodel in Sources */,
				A489F26D29B07C7D0061C8DD /* AceRecognitionModelMaker 1.mlmodel in Sources */,
				A489F25929B06A9C0061C8DD /* SceneDelegate.swift in Sources */,
			);
			runOnlyForDeploymentPostprocessing = 0;
		};
/* End PBXSourcesBuildPhase section */

/* Begin PBXVariantGroup section */
		A489F25C29B06A9C0061C8DD /* Main.storyboard */ = {
			isa = PBXVariantGroup;
			children = (
				A489F25D29B06A9C0061C8DD /* Base */,
			);
			name = Main.storyboard;
			sourceTree = "<group>";
		};
		A489F26129B06AA20061C8DD /* LaunchScreen.storyboard */ = {
			isa = PBXVariantGroup;
			children = (
				A489F26229B06AA20061C8DD /* Base */,
			);
			name = LaunchScreen.storyboard;
			sourceTree = "<group>";
		};
/* End PBXVariantGroup section */

/* Begin XCBuildConfiguration section */
		A489F26529B06AA20061C8DD /* Debug */ = {
			isa = XCBuildConfiguration;
			buildSettings = {
				ALWAYS_SEARCH_USER_PATHS = NO;
				CLANG_ANALYZER_NONNULL = YES;
				CLANG_ANALYZER_NUMBER_OBJECT_CONVERSION = YES_AGGRESSIVE;
				CLANG_CXX_LANGUAGE_STANDARD = "gnu++20";
				CLANG_ENABLE_MODULES = YES;
				CLANG_ENABLE_OBJC_ARC = YES;
				CLANG_ENABLE_OBJC_WEAK = YES;
				CLANG_WARN_BLOCK_CAPTURE_AUTORELEASING = YES;
				CLANG_WARN_BOOL_CONVERSION = YES;
				CLANG_WARN_COMMA = YES;
				CLANG_WARN_CONSTANT_CONVERSION = YES;
				CLANG_WARN_DEPRECATED_OBJC_IMPLEMENTATIONS = YES;
				CLANG_WARN_DIRECT_OBJC_ISA_USAGE = YES_ERROR;
				CLANG_WARN_DOCUMENTATION_COMMENTS = YES;
				CLANG_WARN_EMPTY_BODY = YES;
				CLANG_WARN_ENUM_CONVERSION = YES;
				CLANG_WARN_INFINITE_RECURSION = YES;
				CLANG_WARN_INT_CONVERSION = YES;
				CLANG_WARN_NON_LITERAL_NULL_CONVERSION = YES;
				CLANG_WARN_OBJC_IMPLICIT_RETAIN_SELF = YES;
				CLANG_WARN_OBJC_LITERAL_CONVERSION = YES;
				CLANG_WARN_OBJC_ROOT_CLASS = YES_ERROR;
				CLANG_WARN_QUOTED_INCLUDE_IN_FRAMEWORK_HEADER = YES;
				CLANG_WARN_RANGE_LOOP_ANALYSIS = YES;
				CLANG_WARN_STRICT_PROTOTYPES = YES;
				CLANG_WARN_SUSPICIOUS_MOVE = YES;
				CLANG_WARN_UNGUARDED_AVAILABILITY = YES_AGGRESSIVE;
				CLANG_WARN_UNREACHABLE_CODE = YES;
				CLANG_WARN__DUPLICATE_METHOD_MATCH = YES;
				COPY_PHASE_STRIP = NO;
				DEBUG_INFORMATION_FORMAT = dwarf;
				ENABLE_STRICT_OBJC_MSGSEND = YES;
				ENABLE_TESTABILITY = YES;
				GCC_C_LANGUAGE_STANDARD = gnu11;
				GCC_DYNAMIC_NO_PIC = NO;
				GCC_NO_COMMON_BLOCKS = YES;
				GCC_OPTIMIZATION_LEVEL = 0;
				GCC_PREPROCESSOR_DEFINITIONS = (
					"DEBUG=1",
					"$(inherited)",
				);
				GCC_WARN_64_TO_32_BIT_CONVERSION = YES;
				GCC_WARN_ABOUT_RETURN_TYPE = YES_ERROR;
				GCC_WARN_UNDECLARED_SELECTOR = YES;
				GCC_WARN_UNINITIALIZED_AUTOS = YES_AGGRESSIVE;
				GCC_WARN_UNUSED_FUNCTION = YES;
				GCC_WARN_UNUSED_VARIABLE = YES;
				IPHONEOS_DEPLOYMENT_TARGET = 16.2;
				MTL_ENABLE_DEBUG_INFO = INCLUDE_SOURCE;
				MTL_FAST_MATH = YES;
				ONLY_ACTIVE_ARCH = YES;
				SDKROOT = iphoneos;
				SWIFT_ACTIVE_COMPILATION_CONDITIONS = DEBUG;
				SWIFT_OPTIMIZATION_LEVEL = "-Onone";
			};
			name = Debug;
		};
		A489F26629B06AA20061C8DD /* Release */ = {
			isa = XCBuildConfiguration;
			buildSettings = {
				ALWAYS_SEARCH_USER_PATHS = NO;
				CLANG_ANALYZER_NONNULL = YES;
				CLANG_ANALYZER_NUMBER_OBJECT_CONVERSION = YES_AGGRESSIVE;
				CLANG_CXX_LANGUAGE_STANDARD = "gnu++20";
				CLANG_ENABLE_MODULES = YES;
				CLANG_ENABLE_OBJC_ARC = YES;
				CLANG_ENABLE_OBJC_WEAK = YES;
				CLANG_WARN_BLOCK_CAPTURE_AUTORELEASING = YES;
				CLANG_WARN_BOOL_CONVERSION = YES;
				CLANG_WARN_COMMA = YES;
				CLANG_WARN_CONSTANT_CONVERSION = YES;
				CLANG_WARN_DEPRECATED_OBJC_IMPLEMENTATIONS = YES;
				CLANG_WARN_DIRECT_OBJC_ISA_USAGE = YES_ERROR;
				CLANG_WARN_DOCUMENTATION_COMMENTS = YES;
				CLANG_WARN_EMPTY_BODY = YES;
				CLANG_WARN_ENUM_CONVERSION = YES;
				CLANG_WARN_INFINITE_RECURSION = YES;
				CLANG_WARN_INT_CONVERSION = YES;
				CLANG_WARN_NON_LITERAL_NULL_CONVERSION = YES;
				CLANG_WARN_OBJC_IMPLICIT_RETAIN_SELF = YES;
				CLANG_WARN_OBJC_LITERAL_CONVERSION = YES;
				CLANG_WARN_OBJC_ROOT_CLASS = YES_ERROR;
				CLANG_WARN_QUOTED_INCLUDE_IN_FRAMEWORK_HEADER = YES;
				CLANG_WARN_RANGE_LOOP_ANALYSIS = YES;
				CLANG_WARN_STRICT_PROTOTYPES = YES;
				CLANG_WARN_SUSPICIOUS_MOVE = YES;
				CLANG_WARN_UNGUARDED_AVAILABILITY = YES_AGGRESSIVE;
				CLANG_WARN_UNREACHABLE_CODE = YES;
				CLANG_WARN__DUPLICATE_METHOD_MATCH = YES;
				COPY_PHASE_STRIP = NO;
				DEBUG_INFORMATION_FORMAT = "dwarf-with-dsym";
				ENABLE_NS_ASSERTIONS = NO;
				ENABLE_STRICT_OBJC_MSGSEND = YES;
				GCC_C_LANGUAGE_STANDARD = gnu11;
				GCC_NO_COMMON_BLOCKS = YES;
				GCC_WARN_64_TO_32_BIT_CONVERSION = YES;
				GCC_WARN_ABOUT_RETURN_TYPE = YES_ERROR;
				GCC_WARN_UNDECLARED_SELECTOR = YES;
				GCC_WARN_UNINITIALIZED_AUTOS = YES_AGGRESSIVE;
				GCC_WARN_UNUSED_FUNCTION = YES;
				GCC_WARN_UNUSED_VARIABLE = YES;
				IPHONEOS_DEPLOYMENT_TARGET = 16.2;
				MTL_ENABLE_DEBUG_INFO = NO;
				MTL_FAST_MATH = YES;
				SDKROOT = iphoneos;
				SWIFT_COMPILATION_MODE = wholemodule;
				SWIFT_OPTIMIZATION_LEVEL = "-O";
				VALIDATE_PRODUCT = YES;
			};
			name = Release;
		};
		A489F26829B06AA20061C8DD /* Debug */ = {
			isa = XCBuildConfiguration;
			buildSettings = {
				ASSETCATALOG_COMPILER_APPICON_NAME = AppIcon;
				ASSETCATALOG_COMPILER_GLOBAL_ACCENT_COLOR_NAME = AccentColor;
				CODE_SIGN_STYLE = Automatic;
				CURRENT_PROJECT_VERSION = 1;
				DEVELOPMENT_TEAM = AK49S5GNUR;
				GENERATE_INFOPLIST_FILE = YES;
				INFOPLIST_FILE = Aces/Info.plist;
				INFOPLIST_KEY_UIApplicationSupportsIndirectInputEvents = YES;
				INFOPLIST_KEY_UILaunchStoryboardName = LaunchScreen;
				INFOPLIST_KEY_UIMainStoryboardFile = Main;
				INFOPLIST_KEY_UISupportedInterfaceOrientations_iPad = "UIInterfaceOrientationPortrait UIInterfaceOrientationPortraitUpsideDown UIInterfaceOrientationLandscapeLeft UIInterfaceOrientationLandscapeRight";
				INFOPLIST_KEY_UISupportedInterfaceOrientations_iPhone = "UIInterfaceOrientationPortrait UIInterfaceOrientationLandscapeLeft UIInterfaceOrientationLandscapeRight";
				IPHONEOS_DEPLOYMENT_TARGET = 16.0;
				LD_RUNPATH_SEARCH_PATHS = (
					"$(inherited)",
					"@executable_path/Frameworks",
				);
				MARKETING_VERSION = 1.0;
				PRODUCT_BUNDLE_IDENTIFIER = co.vincentlazzara.Aces;
				PRODUCT_NAME = "$(TARGET_NAME)";
				SWIFT_EMIT_LOC_STRINGS = YES;
				SWIFT_VERSION = 5.0;
				TARGETED_DEVICE_FAMILY = "1,2";
			};
			name = Debug;
		};
		A489F26929B06AA20061C8DD /* Release */ = {
			isa = XCBuildConfiguration;
			buildSettings = {
				ASSETCATALOG_COMPILER_APPICON_NAME = AppIcon;
				ASSETCATALOG_COMPILER_GLOBAL_ACCENT_COLOR_NAME = AccentColor;
				CODE_SIGN_STYLE = Automatic;
				CURRENT_PROJECT_VERSION = 1;
				DEVELOPMENT_TEAM = AK49S5GNUR;
				GENERATE_INFOPLIST_FILE = YES;
				INFOPLIST_FILE = Aces/Info.plist;
				INFOPLIST_KEY_UIApplicationSupportsIndirectInputEvents = YES;
				INFOPLIST_KEY_UILaunchStoryboardName = LaunchScreen;
				INFOPLIST_KEY_UIMainStoryboardFile = Main;
				INFOPLIST_KEY_UISupportedInterfaceOrientations_iPad = "UIInterfaceOrientationPortrait UIInterfaceOrientationPortraitUpsideDown UIInterfaceOrientationLandscapeLeft UIInterfaceOrientationLandscapeRight";
				INFOPLIST_KEY_UISupportedInterfaceOrientations_iPhone = "UIInterfaceOrientationPortrait UIInterfaceOrientationLandscapeLeft UIInterfaceOrientationLandscapeRight";
				IPHONEOS_DEPLOYMENT_TARGET = 16.0;
				LD_RUNPATH_SEARCH_PATHS = (
					"$(inherited)",
					"@executable_path/Frameworks",
				);
				MARKETING_VERSION = 1.0;
				PRODUCT_BUNDLE_IDENTIFIER = co.vincentlazzara.Aces;
				PRODUCT_NAME = "$(TARGET_NAME)";
				SWIFT_EMIT_LOC_STRINGS = YES;
				SWIFT_VERSION = 5.0;
				TARGETED_DEVICE_FAMILY = "1,2";
			};
			name = Release;
		};
/* End XCBuildConfiguration section */

/* Begin XCConfigurationList section */
		A489F24E29B06A9C0061C8DD /* Build configuration list for PBXProject "Aces" */ = {
			isa = XCConfigurationList;
			buildConfigurations = (
				A489F26529B06AA20061C8DD /* Debug */,
				A489F26629B06AA20061C8DD /* Release */,
			);
			defaultConfigurationIsVisible = 0;
			defaultConfigurationName = Release;
		};
		A489F26729B06AA20061C8DD /* Build configuration list for PBXNativeTarget "Aces" */ = {
			isa = XCConfigurationList;
			buildConfigurations = (
				A489F26829B06AA20061C8DD /* Debug */,
				A489F26929B06AA20061C8DD /* Release */,
			);
			defaultConfigurationIsVisible = 0;
			defaultConfigurationName = Release;
		};
/* End XCConfigurationList section */
	};
	rootObject = A489F24B29B06A9C0061C8DD /* Project object */;
}
